
Microsoft Visual Studio Solution File, Format Version 12.00
# Visual Studio Version 16
VisualStudioVersion = 16.0.31829.152
MinimumVisualStudioVersion = 10.0.40219.1
Project("{FAE04EC0-301F-11D3-BF4B-00C04F79EFBC}") = "Task5.1.1", "Task5.1\Task5.1.1.csproj", "{B112B3F8-792C-4846-9FFD-15517EA3EDB0}"
EndProject
Project("{FAE04EC0-301F-11D3-BF4B-00C04F79EFBC}") = "Task5.1.2", "Task5.1.2\Task5.1.2.csproj", "{2AFF1F7B-DACE-40EE-9B9D-1E4F651107D8}"
EndProject
Project("{FAE04EC0-301F-11D3-BF4B-00C04F79EFBC}") = "Task5.1.3", "Task5.1.3\Task5.1.3.csproj", "{0B89178C-EA38-46FA-A3C2-00945028C4CF}"
EndProject
Project("{FAE04EC0-301F-11D3-BF4B-00C04F79EFBC}") = "Task5.1.5", "Task5.1.5\Task5.1.5.csproj", "{7E75F3FF-B30D-4D3E-9FF3-570009445A29}"
EndProject
Project("{FAE04EC0-301F-11D3-BF4B-00C04F79EFBC}") = "Task5.1.6", "Task5.1.6\Task5.1.6.csproj", "{D07E2C39-D5A9-4BFD-B775-023C91DA484A}"
EndProject
Global
	GlobalSection(SolutionConfigurationPlatforms) = preSolution
		Debug|Any CPU = Debug|Any CPU
		Release|Any CPU = Release|Any CPU
	EndGlobalSection
	GlobalSection(ProjectConfigurationPlatforms) = postSolution
		{B112B3F8-792C-4846-9FFD-15517EA3EDB0}.Debug|Any CPU.ActiveCfg = Debug|Any CPU
		{B112B3F8-792C-4846-9FFD-15517EA3EDB0}.Debug|Any CPU.Build.0 = Debug|Any CPU
		{B112B3F8-792C-4846-9FFD-15517EA3EDB0}.Release|Any CPU.ActiveCfg = Release|Any CPU
		{B112B3F8-792C-4846-9FFD-15517EA3EDB0}.Release|Any CPU.Build.0 = Release|Any CPU
		{2AFF1F7B-DACE-40EE-9B9D-1E4F651107D8}.Debug|Any CPU.ActiveCfg = Debug|Any CPU
		{2AFF1F7B-DACE-40EE-9B9D-1E4F651107D8}.Debug|Any CPU.Build.0 = Debug|Any CPU
		{2AFF1F7B-DACE-40EE-9B9D-1E4F651107D8}.Release|Any CPU.ActiveCfg = Release|Any CPU
		{2AFF1F7B-DACE-40EE-9B9D-1E4F651107D8}.Release|Any CPU.Build.0 = Release|Any CPU
		{0B89178C-EA38-46FA-A3C2-00945028C4CF}.Debug|Any CPU.ActiveCfg = Debug|Any CPU
		{0B89178C-EA38-46FA-A3C2-00945028C4CF}.Debug|Any CPU.Build.0 = Debug|Any CPU
		{0B89178C-EA38-46FA-A3C2-00945028C4CF}.Release|Any CPU.ActiveCfg = Release|Any CPU
		{0B89178C-EA38-46FA-A3C2-00945028C4CF}.Release|Any CPU.Build.0 = Release|Any CPU
		{7E75F3FF-B30D-4D3E-9FF3-570009445A29}.Debug|Any CPU.ActiveCfg = Debug|Any CPU
		{7E75F3FF-B30D-4D3E-9FF3-570009445A29}.Debug|Any CPU.Build.0 = Debug|Any CPU
		{7E75F3FF-B30D-4D3E-9FF3-570009445A29}.Release|Any CPU.ActiveCfg = Release|Any CPU
		{7E75F3FF-B30D-4D3E-9FF3-570009445A29}.Release|Any CPU.Build.0 = Release|Any CPU
		{D07E2C39-D5A9-4BFD-B775-023C91DA484A}.Debug|Any CPU.ActiveCfg = Debug|Any CPU
		{D07E2C39-D5A9-4BFD-B775-023C91DA484A}.Debug|Any CPU.Build.0 = Debug|Any CPU
		{D07E2C39-D5A9-4BFD-B775-023C91DA484A}.Release|Any CPU.ActiveCfg = Release|Any CPU
		{D07E2C39-D5A9-4BFD-B775-023C91DA484A}.Release|Any CPU.Build.0 = Release|Any CPU
	EndGlobalSection
	GlobalSection(SolutionProperties) = preSolution
		HideSolutionNode = FALSE
	EndGlobalSection
	GlobalSection(ExtensibilityGlobals) = postSolution
		SolutionGuid = {1D0F04FA-65AE-46B7-99C6-21A49677EE3E}
	EndGlobalSection
EndGlobal
